
Microsoft Visual Studio Solution File, Format Version 12.00
# Visual Studio Version 16
VisualStudioVersion = 16.0.30204.135
MinimumVisualStudioVersion = 10.0.40219.1
Project("{8BC9CEB8-8B4A-11D0-8D11-00A0C91BC942}") = "Patterns_3", "Patterns_3\Patterns_3.vcxproj", "{B3207D45-609B-4805-9912-CF24A3B7D7A9}"
EndProject
Global
	GlobalSection(SolutionConfigurationPlatforms) = preSolution
		Debug|x64 = Debug|x64
		Debug|x86 = Debug|x86
		Release|x64 = Release|x64
		Release|x86 = Release|x86
	EndGlobalSection
	GlobalSection(ProjectConfigurationPlatforms) = postSolution
		{B3207D45-609B-4805-9912-CF24A3B7D7A9}.Debug|x64.ActiveCfg = Debug|x64
		{B3207D45-609B-4805-9912-CF24A3B7D7A9}.Debug|x64.Build.0 = Debug|x64
		{B3207D45-609B-4805-9912-CF24A3B7D7A9}.Debug|x86.ActiveCfg = Debug|Win32
		{B3207D45-609B-4805-9912-CF24A3B7D7A9}.Debug|x86.Build.0 = Debug|Win32
		{B3207D45-609B-4805-9912-CF24A3B7D7A9}.Release|x64.ActiveCfg = Release|x64
		{B3207D45-609B-4805-9912-CF24A3B7D7A9}.Release|x64.Build.0 = Release|x64
		{B3207D45-609B-4805-9912-CF24A3B7D7A9}.Release|x86.ActiveCfg = Release|Win32
		{B3207D45-609B-4805-9912-CF24A3B7D7A9}.Release|x86.Build.0 = Release|Win32
	EndGlobalSection
	GlobalSection(SolutionProperties) = preSolution
		HideSolutionNode = FALSE
	EndGlobalSection
	GlobalSection(ExtensibilityGlobals) = postSolution
		SolutionGuid = {AB82235C-25E3-4F2C-8236-BF84AA3EC749}
	EndGlobalSection
EndGlobal
